
Microsoft Visual Studio Solution File, Format Version 12.00
# Visual Studio Version 17
VisualStudioVersion = 17.6.33723.286
MinimumVisualStudioVersion = 10.0.40219.1
Project("{FAE04EC0-301F-11D3-BF4B-00C04F79EFBC}") = "Watermark Generator", "Watermark Generator\Watermark Generator.csproj", "{2B6B9121-A005-463E-9AE7-68D0239BBC7F}"
EndProject
Project("{FAE04EC0-301F-11D3-BF4B-00C04F79EFBC}") = "ITK_Watermark", "ITK_Watermark\ITK_Watermark.csproj", "{80DF0AE4-039B-4CCC-8CBA-ECB912240CF3}"
EndProject
Global
	GlobalSection(SolutionConfigurationPlatforms) = preSolution
		Debug|Any CPU = Debug|Any CPU
		Release|Any CPU = Release|Any CPU
	EndGlobalSection
	GlobalSection(ProjectConfigurationPlatforms) = postSolution
		{2B6B9121-A005-463E-9AE7-68D0239BBC7F}.Debug|Any CPU.ActiveCfg = Debug|Any CPU
		{2B6B9121-A005-463E-9AE7-68D0239BBC7F}.Debug|Any CPU.Build.0 = Debug|Any CPU
		{2B6B9121-A005-463E-9AE7-68D0239BBC7F}.Release|Any CPU.ActiveCfg = Release|Any CPU
		{2B6B9121-A005-463E-9AE7-68D0239BBC7F}.Release|Any CPU.Build.0 = Release|Any CPU
		{80DF0AE4-039B-4CCC-8CBA-ECB912240CF3}.Debug|Any CPU.ActiveCfg = Debug|Any CPU
		{80DF0AE4-039B-4CCC-8CBA-ECB912240CF3}.Debug|Any CPU.Build.0 = Debug|Any CPU
		{80DF0AE4-039B-4CCC-8CBA-ECB912240CF3}.Release|Any CPU.ActiveCfg = Release|Any CPU
		{80DF0AE4-039B-4CCC-8CBA-ECB912240CF3}.Release|Any CPU.Build.0 = Release|Any CPU
	EndGlobalSection
	GlobalSection(SolutionProperties) = preSolution
		HideSolutionNode = FALSE
	EndGlobalSection
	GlobalSection(ExtensibilityGlobals) = postSolution
		SolutionGuid = {52F0020C-A501-4707-AE28-CF50594B70EF}
	EndGlobalSection
EndGlobal
